{
  "name": "task-01",
  "version": "1.0.0",
  "lockfileVersion": 3,
  "requires": true,
  "packages": {
    "": {
      "name": "task-01",
      "version": "1.0.0",
      "license": "ISC",
      "dependencies": {
        "ai-devs-examples": "file:../.."
      }
    },
    "../..": {
      "name": "ai-devs-examples",
      "engines": {
        "node": ">=24"
      }
    },
    "node_modules/ai-devs-examples": {
      "resolved": "../..",
      "link": true
    }
  }
}
